{
  "name": "static",
  "version": "1.0.0",
  "lockfileVersion": 2,
  "requires": true,
  "packages": {
    "": {
      "name": "static",
      "version": "1.0.0",
      "license": "ISC",
      "dependencies": {
        "bootstrap": "^5.1.3",
        "font-awesome": "^4.7.0",
        "jdenticon": "^3.1.1",
        "jquery": "^3.6.0"
      }
    },
    "node_modules/@popperjs/core": {
      "version": "2.11.2",
      "resolved": "https://registry.npmjs.org/@popperjs/core/-/core-2.11.2.tgz",
      "integrity": "sha512-92FRmppjjqz29VMJ2dn+xdyXZBrMlE42AV6Kq6BwjWV7CNUW1hs2FtxSNLQE+gJhaZ6AAmYuO9y8dshhcBl7vA==",
      "peer": true,
      "funding": {
        "type": "opencollective",
        "url": "https://opencollective.com/popperjs"
      }
    },
    "node_modules/@types/node": {
      "version": "17.0.21",
      "resolved": "https://registry.npmjs.org/@types/node/-/node-17.0.21.tgz",
      "integrity": "sha512-DBZCJbhII3r90XbQxI8Y9IjjiiOGlZ0Hr32omXIZvwwZ7p4DMMXGrKXVyPfuoBOri9XNtL0UK69jYIBIsRX3QQ=="
    },
    "node_modules/bootstrap": {
      "version": "5.1.3",
      "resolved": "https://registry.npmjs.org/bootstrap/-/bootstrap-5.1.3.tgz",
      "integrity": "sha512-fcQztozJ8jToQWXxVuEyXWW+dSo8AiXWKwiSSrKWsRB/Qt+Ewwza+JWoLKiTuQLaEPhdNAJ7+Dosc9DOIqNy7Q==",
      "funding": {
        "type": "opencollective",
        "url": "https://opencollective.com/bootstrap"
      },
      "peerDependencies": {
        "@popperjs/core": "^2.10.2"
      }
    },
    "node_modules/canvas-renderer": {
      "version": "2.2.0",
      "resolved": "https://registry.npmjs.org/canvas-renderer/-/canvas-renderer-2.2.0.tgz",
      "integrity": "sha512-Itdq9pwXcs4IbbkRCXc7reeGBk6i6tlDtZTjE1yc+KvYkx1Mt3WLf6tidZ/Ixbm7Vmi+jpWKG0dRBor67x9yGw==",
      "dependencies": {
        "@types/node": "*"
      }
    },
    "node_modules/font-awesome": {
      "version": "4.7.0",
      "resolved": "https://registry.npmjs.org/font-awesome/-/font-awesome-4.7.0.tgz",
      "integrity": "sha1-j6jPBBGhoxr9B7BtKQK7n8gVoTM=",
      "engines": {
        "node": ">=0.10.3"
      }
    },
    "node_modules/jdenticon": {
      "version": "3.1.1",
      "resolved": "https://registry.npmjs.org/jdenticon/-/jdenticon-3.1.1.tgz",
      "integrity": "sha512-/m0Kk5ou7tPHjW6YovCysRETqPlFcTabWG96r8NbbSsEK+eQ3jHiGULaGOtp4XBqkRxWS1XMopLRGwdhet5ezw==",
      "dependencies": {
        "canvas-renderer": "~2.2.0"
      },
      "bin": {
        "jdenticon": "bin/jdenticon.js"
      },
      "engines": {
        "node": ">=6.4.0"
      }
    },
    "node_modules/jquery": {
      "version": "3.6.0",
      "resolved": "https://registry.npmjs.org/jquery/-/jquery-3.6.0.tgz",
      "integrity": "sha512-JVzAR/AjBvVt2BmYhxRCSYysDsPcssdmTFnzyLEts9qNwmjmu4JTAMYubEfwVOSwpQ1I1sKKFcxhZCI2buerfw=="
    }
  },
  "dependencies": {
    "@popperjs/core": {
      "version": "2.11.2",
      "resolved": "https://registry.npmjs.org/@popperjs/core/-/core-2.11.2.tgz",
      "integrity": "sha512-92FRmppjjqz29VMJ2dn+xdyXZBrMlE42AV6Kq6BwjWV7CNUW1hs2FtxSNLQE+gJhaZ6AAmYuO9y8dshhcBl7vA==",
      "peer": true
    },
    "@types/node": {
      "version": "17.0.21",
      "resolved": "https://registry.npmjs.org/@types/node/-/node-17.0.21.tgz",
      "integrity": "sha512-DBZCJbhII3r90XbQxI8Y9IjjiiOGlZ0Hr32omXIZvwwZ7p4DMMXGrKXVyPfuoBOri9XNtL0UK69jYIBIsRX3QQ=="
    },
    "bootstrap": {
      "version": "5.1.3",
      "resolved": "https://registry.npmjs.org/bootstrap/-/bootstrap-5.1.3.tgz",
      "integrity": "sha512-fcQztozJ8jToQWXxVuEyXWW+dSo8AiXWKwiSSrKWsRB/Qt+Ewwza+JWoLKiTuQLaEPhdNAJ7+Dosc9DOIqNy7Q==",
      "requires": {}
    },
    "canvas-renderer": {
      "version": "2.2.0",
      "resolved": "https://registry.npmjs.org/canvas-renderer/-/canvas-renderer-2.2.0.tgz",
      "integrity": "sha512-Itdq9pwXcs4IbbkRCXc7reeGBk6i6tlDtZTjE1yc+KvYkx1Mt3WLf6tidZ/Ixbm7Vmi+jpWKG0dRBor67x9yGw==",
      "requires": {
        "@types/node": "*"
      }
    },
    "font-awesome": {
      "version": "4.7.0",
      "resolved": "https://registry.npmjs.org/font-awesome/-/font-awesome-4.7.0.tgz",
      "integrity": "sha1-j6jPBBGhoxr9B7BtKQK7n8gVoTM="
    },
    "jdenticon": {
      "version": "3.1.1",
      "resolved": "https://registry.npmjs.org/jdenticon/-/jdenticon-3.1.1.tgz",
      "integrity": "sha512-/m0Kk5ou7tPHjW6YovCysRETqPlFcTabWG96r8NbbSsEK+eQ3jHiGULaGOtp4XBqkRxWS1XMopLRGwdhet5ezw==",
      "requires": {
        "canvas-renderer": "~2.2.0"
      }
    },
    "jquery": {
      "version": "3.6.0",
      "resolved": "https://registry.npmjs.org/jquery/-/jquery-3.6.0.tgz",
      "integrity": "sha512-JVzAR/AjBvVt2BmYhxRCSYysDsPcssdmTFnzyLEts9qNwmjmu4JTAMYubEfwVOSwpQ1I1sKKFcxhZCI2buerfw=="
    }
  }
}
